
Microsoft Visual Studio Solution File, Format Version 12.00
# Visual Studio Version 16
VisualStudioVersion = 16.0.31229.75
MinimumVisualStudioVersion = 10.0.40219.1
Project("{FAE04EC0-301F-11D3-BF4B-00C04F79EFBC}") = "WinFormHub", "..\original_code_befor_merge\DemoScalOutWithWinForm\WinFormHub\WinFormHub.csproj", "{B051C065-6799-4DD5-91D9-178EC0481D9B}"
EndProject
Project("{FAE04EC0-301F-11D3-BF4B-00C04F79EFBC}") = "WinFormClient", "..\original_code_befor_merge\DemoScalOutWithWinForm\WinFormClient\WinFormClient.csproj", "{C94CB585-E932-40F4-8B51-2581CA99A992}"
EndProject
Global
	GlobalSection(SolutionConfigurationPlatforms) = preSolution
		Debug|Any CPU = Debug|Any CPU
		Release|Any CPU = Release|Any CPU
	EndGlobalSection
	GlobalSection(ProjectConfigurationPlatforms) = postSolution
		{B051C065-6799-4DD5-91D9-178EC0481D9B}.Debug|Any CPU.ActiveCfg = Debug|Any CPU
		{B051C065-6799-4DD5-91D9-178EC0481D9B}.Debug|Any CPU.Build.0 = Debug|Any CPU
		{B051C065-6799-4DD5-91D9-178EC0481D9B}.Release|Any CPU.ActiveCfg = Release|Any CPU
		{B051C065-6799-4DD5-91D9-178EC0481D9B}.Release|Any CPU.Build.0 = Release|Any CPU
		{C94CB585-E932-40F4-8B51-2581CA99A992}.Debug|Any CPU.ActiveCfg = Debug|Any CPU
		{C94CB585-E932-40F4-8B51-2581CA99A992}.Debug|Any CPU.Build.0 = Debug|Any CPU
		{C94CB585-E932-40F4-8B51-2581CA99A992}.Release|Any CPU.ActiveCfg = Release|Any CPU
		{C94CB585-E932-40F4-8B51-2581CA99A992}.Release|Any CPU.Build.0 = Release|Any CPU
	EndGlobalSection
	GlobalSection(SolutionProperties) = preSolution
		HideSolutionNode = FALSE
	EndGlobalSection
	GlobalSection(ExtensibilityGlobals) = postSolution
		SolutionGuid = {53175361-FAA3-48C4-952E-5B449B1B8B90}
	EndGlobalSection
EndGlobal
