
Microsoft Visual Studio Solution File, Format Version 12.00
# Visual Studio Version 16
VisualStudioVersion = 16.0.31229.75
MinimumVisualStudioVersion = 10.0.40219.1
Project("{FAE04EC0-301F-11D3-BF4B-00C04F79EFBC}") = "HubServer", "..\HubServer\HubServer.csproj", "{65AE9A47-2079-4840-A1B6-6B3779A0DB4C}"
EndProject
Project("{FAE04EC0-301F-11D3-BF4B-00C04F79EFBC}") = "DemoDxGridControl", "DemoDxGridControl.csproj", "{5BB4C004-938D-448A-B8B6-8DB1FAAC92ED}"
EndProject
Global
	GlobalSection(SolutionConfigurationPlatforms) = preSolution
		Debug|Any CPU = Debug|Any CPU
		Release|Any CPU = Release|Any CPU
	EndGlobalSection
	GlobalSection(ProjectConfigurationPlatforms) = postSolution
		{65AE9A47-2079-4840-A1B6-6B3779A0DB4C}.Debug|Any CPU.ActiveCfg = Debug|Any CPU
		{65AE9A47-2079-4840-A1B6-6B3779A0DB4C}.Debug|Any CPU.Build.0 = Debug|Any CPU
		{65AE9A47-2079-4840-A1B6-6B3779A0DB4C}.Release|Any CPU.ActiveCfg = Release|Any CPU
		{65AE9A47-2079-4840-A1B6-6B3779A0DB4C}.Release|Any CPU.Build.0 = Release|Any CPU
		{5BB4C004-938D-448A-B8B6-8DB1FAAC92ED}.Debug|Any CPU.ActiveCfg = Debug|Any CPU
		{5BB4C004-938D-448A-B8B6-8DB1FAAC92ED}.Debug|Any CPU.Build.0 = Debug|Any CPU
		{5BB4C004-938D-448A-B8B6-8DB1FAAC92ED}.Release|Any CPU.ActiveCfg = Release|Any CPU
		{5BB4C004-938D-448A-B8B6-8DB1FAAC92ED}.Release|Any CPU.Build.0 = Release|Any CPU
	EndGlobalSection
	GlobalSection(SolutionProperties) = preSolution
		HideSolutionNode = FALSE
	EndGlobalSection
	GlobalSection(ExtensibilityGlobals) = postSolution
		SolutionGuid = {33D7FF40-68AE-46EB-BCCD-B3B68C9E1139}
	EndGlobalSection
EndGlobal
